
Microsoft Visual Studio Solution File, Format Version 12.00
# Visual Studio 2013
VisualStudioVersion = 12.0.21005.1
MinimumVisualStudioVersion = 10.0.40219.1
Project("{FAE04EC0-301F-11D3-BF4B-00C04F79EFBC}") = "TestConsole", "TestConsole\TestConsole.csproj", "{D63D7092-579F-4E80-9683-66C1AD86826C}"
EndProject
Project("{FAE04EC0-301F-11D3-BF4B-00C04F79EFBC}") = "ServiceHelp", "ServiceHelp\ServiceHelp.csproj", "{4639AC64-A067-45E0-ACF3-D321D0C26E59}"
EndProject
Project("{FAE04EC0-301F-11D3-BF4B-00C04F79EFBC}") = "WebApplication2", "WebApplication2\WebApplication2.csproj", "{66233E93-17BE-4BFD-8921-7599153DA2A1}"
EndProject
Project("{FAE04EC0-301F-11D3-BF4B-00C04F79EFBC}") = "News.DataAccess", "News.DataAccess\News.DataAccess.csproj", "{88C9D14B-7251-4DBF-93F1-FDB30B636E8B}"
EndProject
Project("{FAE04EC0-301F-11D3-BF4B-00C04F79EFBC}") = "FetchNewsConsole", "FetchNewsConsole\FetchNewsConsole.csproj", "{3EF05D52-F7E9-4397-8486-51B5D67BD694}"
EndProject
Project("{FAE04EC0-301F-11D3-BF4B-00C04F79EFBC}") = "News.Model", "News.Model\News.Model.csproj", "{D70506B2-5A41-4804-BF2B-8191197E7D1D}"
EndProject
Project("{FAE04EC0-301F-11D3-BF4B-00C04F79EFBC}") = "News.Service", "News.Service\News.Service.csproj", "{CE398629-B304-430C-AAE5-27245D3F1560}"
EndProject
Global
	GlobalSection(SolutionConfigurationPlatforms) = preSolution
		Debug|Any CPU = Debug|Any CPU
		Release|Any CPU = Release|Any CPU
	EndGlobalSection
	GlobalSection(ProjectConfigurationPlatforms) = postSolution
		{D63D7092-579F-4E80-9683-66C1AD86826C}.Debug|Any CPU.ActiveCfg = Debug|Any CPU
		{D63D7092-579F-4E80-9683-66C1AD86826C}.Debug|Any CPU.Build.0 = Debug|Any CPU
		{D63D7092-579F-4E80-9683-66C1AD86826C}.Release|Any CPU.ActiveCfg = Release|Any CPU
		{D63D7092-579F-4E80-9683-66C1AD86826C}.Release|Any CPU.Build.0 = Release|Any CPU
		{4639AC64-A067-45E0-ACF3-D321D0C26E59}.Debug|Any CPU.ActiveCfg = Debug|Any CPU
		{4639AC64-A067-45E0-ACF3-D321D0C26E59}.Debug|Any CPU.Build.0 = Debug|Any CPU
		{4639AC64-A067-45E0-ACF3-D321D0C26E59}.Release|Any CPU.ActiveCfg = Release|Any CPU
		{4639AC64-A067-45E0-ACF3-D321D0C26E59}.Release|Any CPU.Build.0 = Release|Any CPU
		{66233E93-17BE-4BFD-8921-7599153DA2A1}.Debug|Any CPU.ActiveCfg = Debug|Any CPU
		{66233E93-17BE-4BFD-8921-7599153DA2A1}.Debug|Any CPU.Build.0 = Debug|Any CPU
		{66233E93-17BE-4BFD-8921-7599153DA2A1}.Release|Any CPU.ActiveCfg = Release|Any CPU
		{66233E93-17BE-4BFD-8921-7599153DA2A1}.Release|Any CPU.Build.0 = Release|Any CPU
		{88C9D14B-7251-4DBF-93F1-FDB30B636E8B}.Debug|Any CPU.ActiveCfg = Debug|Any CPU
		{88C9D14B-7251-4DBF-93F1-FDB30B636E8B}.Debug|Any CPU.Build.0 = Debug|Any CPU
		{88C9D14B-7251-4DBF-93F1-FDB30B636E8B}.Release|Any CPU.ActiveCfg = Release|Any CPU
		{88C9D14B-7251-4DBF-93F1-FDB30B636E8B}.Release|Any CPU.Build.0 = Release|Any CPU
		{3EF05D52-F7E9-4397-8486-51B5D67BD694}.Debug|Any CPU.ActiveCfg = Debug|Any CPU
		{3EF05D52-F7E9-4397-8486-51B5D67BD694}.Debug|Any CPU.Build.0 = Debug|Any CPU
		{3EF05D52-F7E9-4397-8486-51B5D67BD694}.Release|Any CPU.ActiveCfg = Release|Any CPU
		{3EF05D52-F7E9-4397-8486-51B5D67BD694}.Release|Any CPU.Build.0 = Release|Any CPU
		{D70506B2-5A41-4804-BF2B-8191197E7D1D}.Debug|Any CPU.ActiveCfg = Debug|Any CPU
		{D70506B2-5A41-4804-BF2B-8191197E7D1D}.Debug|Any CPU.Build.0 = Debug|Any CPU
		{D70506B2-5A41-4804-BF2B-8191197E7D1D}.Release|Any CPU.ActiveCfg = Release|Any CPU
		{D70506B2-5A41-4804-BF2B-8191197E7D1D}.Release|Any CPU.Build.0 = Release|Any CPU
		{CE398629-B304-430C-AAE5-27245D3F1560}.Debug|Any CPU.ActiveCfg = Debug|Any CPU
		{CE398629-B304-430C-AAE5-27245D3F1560}.Debug|Any CPU.Build.0 = Debug|Any CPU
		{CE398629-B304-430C-AAE5-27245D3F1560}.Release|Any CPU.ActiveCfg = Release|Any CPU
		{CE398629-B304-430C-AAE5-27245D3F1560}.Release|Any CPU.Build.0 = Release|Any CPU
	EndGlobalSection
	GlobalSection(SolutionProperties) = preSolution
		HideSolutionNode = FALSE
	EndGlobalSection
EndGlobal
